
Microsoft Visual Studio Solution File, Format Version 12.00
# Visual Studio 15
VisualStudioVersion = 15.0.27703.2000
MinimumVisualStudioVersion = 10.0.40219.1
Project("{FAE04EC0-301F-11D3-BF4B-00C04F79EFBC}") = "Grades", "Grades.csproj", "{B6BC9A39-871C-416C-A684-0181CB9CA5D1}"
EndProject
Project("{FAE04EC0-301F-11D3-BF4B-00C04F79EFBC}") = "Grades.Tests", "..\Grades.Tests\Grades.Tests.csproj", "{3FB49F3B-95D3-4D81-A193-1AB0953A9A29}"
EndProject
Global
	GlobalSection(SolutionConfigurationPlatforms) = preSolution
		Debug|Any CPU = Debug|Any CPU
		Release|Any CPU = Release|Any CPU
	EndGlobalSection
	GlobalSection(ProjectConfigurationPlatforms) = postSolution
		{B6BC9A39-871C-416C-A684-0181CB9CA5D1}.Debug|Any CPU.ActiveCfg = Debug|Any CPU
		{B6BC9A39-871C-416C-A684-0181CB9CA5D1}.Debug|Any CPU.Build.0 = Debug|Any CPU
		{B6BC9A39-871C-416C-A684-0181CB9CA5D1}.Release|Any CPU.ActiveCfg = Release|Any CPU
		{B6BC9A39-871C-416C-A684-0181CB9CA5D1}.Release|Any CPU.Build.0 = Release|Any CPU
		{3FB49F3B-95D3-4D81-A193-1AB0953A9A29}.Debug|Any CPU.ActiveCfg = Debug|Any CPU
		{3FB49F3B-95D3-4D81-A193-1AB0953A9A29}.Debug|Any CPU.Build.0 = Debug|Any CPU
		{3FB49F3B-95D3-4D81-A193-1AB0953A9A29}.Release|Any CPU.ActiveCfg = Release|Any CPU
		{3FB49F3B-95D3-4D81-A193-1AB0953A9A29}.Release|Any CPU.Build.0 = Release|Any CPU
	EndGlobalSection
	GlobalSection(SolutionProperties) = preSolution
		HideSolutionNode = FALSE
	EndGlobalSection
	GlobalSection(ExtensibilityGlobals) = postSolution
		SolutionGuid = {FA1EA555-30DD-4953-AFF7-DB311B6F337F}
	EndGlobalSection
EndGlobal
